// !$*UTF8*$!
{
	archiveVersion = 1;
	classes = {
	};
	objectVersion = 56;
	objects = {

/* Begin PBXBuildFile section */
		300284612B93DF2500E1266E /* NewContactViewController.swift in Sources */ = {isa = PBXBuildFile; fileRef = 300284602B93DF2500E1266E /* NewContactViewController.swift */; };
		300284632B93DF8300E1266E /* ContactListTableViewController.swift in Sources */ = {isa = PBXBuildFile; fileRef = 300284622B93DF8300E1266E /* ContactListTableViewController.swift */; };
		300284652B93DFBB00E1266E /* MoreInformationViewController.swift in Sources */ = {isa = PBXBuildFile; fileRef = 300284642B93DFBB00E1266E /* MoreInformationViewController.swift */; };
		301D1C202B93DE030092690E /* AppDelegate.swift in Sources */ = {isa = PBXBuildFile; fileRef = 301D1C1F2B93DE030092690E /* AppDelegate.swift */; };
		301D1C222B93DE030092690E /* SceneDelegate.swift in Sources */ = {isa = PBXBuildFile; fileRef = 301D1C212B93DE030092690E /* SceneDelegate.swift */; };
		301D1C242B93DE030092690E /* ViewController.swift in Sources */ = {isa = PBXBuildFile; fileRef = 301D1C232B93DE030092690E /* ViewController.swift */; };
		301D1C272B93DE030092690E /* Main.storyboard in Resources */ = {isa = PBXBuildFile; fileRef = 301D1C252B93DE030092690E /* Main.storyboard */; };
		301D1C292B93DE040092690E /* Assets.xcassets in Resources */ = {isa = PBXBuildFile; fileRef = 301D1C282B93DE040092690E /* Assets.xcassets */; };
		301D1C2C2B93DE040092690E /* LaunchScreen.storyboard in Resources */ = {isa = PBXBuildFile; fileRef = 301D1C2A2B93DE040092690E /* LaunchScreen.storyboard */; };
		308AC3DB2B94972200D0C529 /* Contact.swift in Sources */ = {isa = PBXBuildFile; fileRef = 308AC3DA2B94972200D0C529 /* Contact.swift */; };
/* End PBXBuildFile section */

/* Begin PBXFileReference section */
		300284602B93DF2500E1266E /* NewContactViewController.swift */ = {isa = PBXFileReference; lastKnownFileType = sourcecode.swift; path = NewContactViewController.swift; sourceTree = "<group>"; };
		300284622B93DF8300E1266E /* ContactListTableViewController.swift */ = {isa = PBXFileReference; lastKnownFileType = sourcecode.swift; path = ContactListTableViewController.swift; sourceTree = "<group>"; };
		300284642B93DFBB00E1266E /* MoreInformationViewController.swift */ = {isa = PBXFileReference; lastKnownFileType = sourcecode.swift; path = MoreInformationViewController.swift; sourceTree = "<group>"; };
		301D1C1C2B93DE030092690E /* UITableContact.app */ = {isa = PBXFileReference; explicitFileType = wrapper.application; includeInIndex = 0; path = UITableContact.app; sourceTree = BUILT_PRODUCTS_DIR; };
		301D1C1F2B93DE030092690E /* AppDelegate.swift */ = {isa = PBXFileReference; lastKnownFileType = sourcecode.swift; path = AppDelegate.swift; sourceTree = "<group>"; };
		301D1C212B93DE030092690E /* SceneDelegate.swift */ = {isa = PBXFileReference; lastKnownFileType = sourcecode.swift; path = SceneDelegate.swift; sourceTree = "<group>"; };
		301D1C232B93DE030092690E /* ViewController.swift */ = {isa = PBXFileReference; lastKnownFileType = sourcecode.swift; path = ViewController.swift; sourceTree = "<group>"; };
		301D1C262B93DE030092690E /* Base */ = {isa = PBXFileReference; lastKnownFileType = file.storyboard; name = Base; path = Base.lproj/Main.storyboard; sourceTree = "<group>"; };
		301D1C282B93DE040092690E /* Assets.xcassets */ = {isa = PBXFileReference; lastKnownFileType = folder.assetcatalog; path = Assets.xcassets; sourceTree = "<group>"; };
		301D1C2B2B93DE040092690E /* Base */ = {isa = PBXFileReference; lastKnownFileType = file.storyboard; name = Base; path = Base.lproj/LaunchScreen.storyboard; sourceTree = "<group>"; };
		301D1C2D2B93DE040092690E /* Info.plist */ = {isa = PBXFileReference; lastKnownFileType = text.plist.xml; path = Info.plist; sourceTree = "<group>"; };
		308AC3DA2B94972200D0C529 /* Contact.swift */ = {isa = PBXFileReference; lastKnownFileType = sourcecode.swift; path = Contact.swift; sourceTree = "<group>"; };
/* End PBXFileReference section */

/* Begin PBXFrameworksBuildPhase section */
		301D1C192B93DE030092690E /* Frameworks */ = {
			isa = PBXFrameworksBuildPhase;
			buildActionMask = 2147483647;
			files = (
			);
			runOnlyForDeploymentPostprocessing = 0;
		};
/* End PBXFrameworksBuildPhase section */

/* Begin PBXGroup section */
		301D1C132B93DE030092690E = {
			isa = PBXGroup;
			children = (
				308AC3DA2B94972200D0C529 /* Contact.swift */,
				301D1C1E2B93DE030092690E /* UITableContact */,
				301D1C1D2B93DE030092690E /* Products */,
			);
			sourceTree = "<group>";
		};
		301D1C1D2B93DE030092690E /* Products */ = {
			isa = PBXGroup;
			children = (
				301D1C1C2B93DE030092690E /* UITableContact.app */,
			);
			name = Products;
			sourceTree = "<group>";
		};
		301D1C1E2B93DE030092690E /* UITableContact */ = {
			isa = PBXGroup;
			children = (
				301D1C1F2B93DE030092690E /* AppDelegate.swift */,
				301D1C212B93DE030092690E /* SceneDelegate.swift */,
				301D1C232B93DE030092690E /* ViewController.swift */,
				301D1C252B93DE030092690E /* Main.storyboard */,
				300284642B93DFBB00E1266E /* MoreInformationViewController.swift */,
				300284622B93DF8300E1266E /* ContactListTableViewController.swift */,
				300284602B93DF2500E1266E /* NewContactViewController.swift */,
				301D1C282B93DE040092690E /* Assets.xcassets */,
				301D1C2A2B93DE040092690E /* LaunchScreen.storyboard */,
				301D1C2D2B93DE040092690E /* Info.plist */,
			);
			path = UITableContact;
			sourceTree = "<group>";
		};
/* End PBXGroup section */

/* Begin PBXNativeTarget section */
		301D1C1B2B93DE030092690E /* UITableContact */ = {
			isa = PBXNativeTarget;
			buildConfigurationList = 301D1C302B93DE040092690E /* Build configuration list for PBXNativeTarget "UITableContact" */;
			buildPhases = (
				301D1C182B93DE030092690E /* Sources */,
				301D1C192B93DE030092690E /* Frameworks */,
				301D1C1A2B93DE030092690E /* Resources */,
			);
			buildRules = (
			);
			dependencies = (
			);
			name = UITableContact;
			productName = UITableContact;
			productReference = 301D1C1C2B93DE030092690E /* UITableContact.app */;
			productType = "com.apple.product-type.application";
		};
/* End PBXNativeTarget section */

/* Begin PBXProject section */
		301D1C142B93DE030092690E /* Project object */ = {
			isa = PBXProject;
			attributes = {
				BuildIndependentTargetsInParallel = 1;
				LastSwiftUpdateCheck = 1520;
				LastUpgradeCheck = 1520;
				TargetAttributes = {
					301D1C1B2B93DE030092690E = {
						CreatedOnToolsVersion = 15.2;
					};
				};
			};
			buildConfigurationList = 301D1C172B93DE030092690E /* Build configuration list for PBXProject "UITableContact" */;
			compatibilityVersion = "Xcode 14.0";
			developmentRegion = en;
			hasScannedForEncodings = 0;
			knownRegions = (
				en,
				Base,
			);
			mainGroup = 301D1C132B93DE030092690E;
			productRefGroup = 301D1C1D2B93DE030092690E /* Products */;
			projectDirPath = "";
			projectRoot = "";
			targets = (
				301D1C1B2B93DE030092690E /* UITableContact */,
			);
		};
/* End PBXProject section */

/* Begin PBXResourcesBuildPhase section */
		301D1C1A2B93DE030092690E /* Resources */ = {
			isa = PBXResourcesBuildPhase;
			buildActionMask = 2147483647;
			files = (
				301D1C2C2B93DE040092690E /* LaunchScreen.storyboard in Resources */,
				301D1C292B93DE040092690E /* Assets.xcassets in Resources */,
				301D1C272B93DE030092690E /* Main.storyboard in Resources */,
			);
			runOnlyForDeploymentPostprocessing = 0;
		};
/* End PBXResourcesBuildPhase section */

/* Begin PBXSourcesBuildPhase section */
		301D1C182B93DE030092690E /* Sources */ = {
			isa = PBXSourcesBuildPhase;
			buildActionMask = 2147483647;
			files = (
				300284652B93DFBB00E1266E /* MoreInformationViewController.swift in Sources */,
				301D1C242B93DE030092690E /* ViewController.swift in Sources */,
				301D1C202B93DE030092690E /* AppDelegate.swift in Sources */,
				300284612B93DF2500E1266E /* NewContactViewController.swift in Sources */,
				300284632B93DF8300E1266E /* ContactListTableViewController.swift in Sources */,
				301D1C222B93DE030092690E /* SceneDelegate.swift in Sources */,
				308AC3DB2B94972200D0C529 /* Contact.swift in Sources */,
			);
			runOnlyForDeploymentPostprocessing = 0;
		};
/* End PBXSourcesBuildPhase section */

/* Begin PBXVariantGroup section */
		301D1C252B93DE030092690E /* Main.storyboard */ = {
			isa = PBXVariantGroup;
			children = (
				301D1C262B93DE030092690E /* Base */,
			);
			name = Main.storyboard;
			sourceTree = "<group>";
		};
		301D1C2A2B93DE040092690E /* LaunchScreen.storyboard */ = {
			isa = PBXVariantGroup;
			children = (
				301D1C2B2B93DE040092690E /* Base */,
			);
			name = LaunchScreen.storyboard;
			sourceTree = "<group>";
		};
/* End PBXVariantGroup section */

/* Begin XCBuildConfiguration section */
		301D1C2E2B93DE040092690E /* Debug */ = {
			isa = XCBuildConfiguration;
			buildSettings = {
				ALWAYS_SEARCH_USER_PATHS = NO;
				ASSETCATALOG_COMPILER_GENERATE_SWIFT_ASSET_SYMBOL_EXTENSIONS = YES;
				CLANG_ANALYZER_NONNULL = YES;
				CLANG_ANALYZER_NUMBER_OBJECT_CONVERSION = YES_AGGRESSIVE;
				CLANG_CXX_LANGUAGE_STANDARD = "gnu++20";
				CLANG_ENABLE_MODULES = YES;
				CLANG_ENABLE_OBJC_ARC = YES;
				CLANG_ENABLE_OBJC_WEAK = YES;
				CLANG_WARN_BLOCK_CAPTURE_AUTORELEASING = YES;
				CLANG_WARN_BOOL_CONVERSION = YES;
				CLANG_WARN_COMMA = YES;
				CLANG_WARN_CONSTANT_CONVERSION = YES;
				CLANG_WARN_DEPRECATED_OBJC_IMPLEMENTATIONS = YES;
				CLANG_WARN_DIRECT_OBJC_ISA_USAGE = YES_ERROR;
				CLANG_WARN_DOCUMENTATION_COMMENTS = YES;
				CLANG_WARN_EMPTY_BODY = YES;
				CLANG_WARN_ENUM_CONVERSION = YES;
				CLANG_WARN_INFINITE_RECURSION = YES;
				CLANG_WARN_INT_CONVERSION = YES;
				CLANG_WARN_NON_LITERAL_NULL_CONVERSION = YES;
				CLANG_WARN_OBJC_IMPLICIT_RETAIN_SELF = YES;
				CLANG_WARN_OBJC_LITERAL_CONVERSION = YES;
				CLANG_WARN_OBJC_ROOT_CLASS = YES_ERROR;
				CLANG_WARN_QUOTED_INCLUDE_IN_FRAMEWORK_HEADER = YES;
				CLANG_WARN_RANGE_LOOP_ANALYSIS = YES;
				CLANG_WARN_STRICT_PROTOTYPES = YES;
				CLANG_WARN_SUSPICIOUS_MOVE = YES;
				CLANG_WARN_UNGUARDED_AVAILABILITY = YES_AGGRESSIVE;
				CLANG_WARN_UNREACHABLE_CODE = YES;
				CLANG_WARN__DUPLICATE_METHOD_MATCH = YES;
				COPY_PHASE_STRIP = NO;
				DEBUG_INFORMATION_FORMAT = dwarf;
				ENABLE_STRICT_OBJC_MSGSEND = YES;
				ENABLE_TESTABILITY = YES;
				ENABLE_USER_SCRIPT_SANDBOXING = YES;
				GCC_C_LANGUAGE_STANDARD = gnu17;
				GCC_DYNAMIC_NO_PIC = NO;
				GCC_NO_COMMON_BLOCKS = YES;
				GCC_OPTIMIZATION_LEVEL = 0;
				GCC_PREPROCESSOR_DEFINITIONS = (
					"DEBUG=1",
					"$(inherited)",
				);
				GCC_WARN_64_TO_32_BIT_CONVERSION = YES;
				GCC_WARN_ABOUT_RETURN_TYPE = YES_ERROR;
				GCC_WARN_UNDECLARED_SELECTOR = YES;
				GCC_WARN_UNINITIALIZED_AUTOS = YES_AGGRESSIVE;
				GCC_WARN_UNUSED_FUNCTION = YES;
				GCC_WARN_UNUSED_VARIABLE = YES;
				IPHONEOS_DEPLOYMENT_TARGET = 17.2;
				LOCALIZATION_PREFERS_STRING_CATALOGS = YES;
				MTL_ENABLE_DEBUG_INFO = INCLUDE_SOURCE;
				MTL_FAST_MATH = YES;
				ONLY_ACTIVE_ARCH = YES;
				SDKROOT = iphoneos;
				SWIFT_ACTIVE_COMPILATION_CONDITIONS = "DEBUG $(inherited)";
				SWIFT_OPTIMIZATION_LEVEL = "-Onone";
			};
			name = Debug;
		};
		301D1C2F2B93DE040092690E /* Release */ = {
			isa = XCBuildConfiguration;
			buildSettings = {
				ALWAYS_SEARCH_USER_PATHS = NO;
				ASSETCATALOG_COMPILER_GENERATE_SWIFT_ASSET_SYMBOL_EXTENSIONS = YES;
				CLANG_ANALYZER_NONNULL = YES;
				CLANG_ANALYZER_NUMBER_OBJECT_CONVERSION = YES_AGGRESSIVE;
				CLANG_CXX_LANGUAGE_STANDARD = "gnu++20";
				CLANG_ENABLE_MODULES = YES;
				CLANG_ENABLE_OBJC_ARC = YES;
				CLANG_ENABLE_OBJC_WEAK = YES;
				CLANG_WARN_BLOCK_CAPTURE_AUTORELEASING = YES;
				CLANG_WARN_BOOL_CONVERSION = YES;
				CLANG_WARN_COMMA = YES;
				CLANG_WARN_CONSTANT_CONVERSION = YES;
				CLANG_WARN_DEPRECATED_OBJC_IMPLEMENTATIONS = YES;
				CLANG_WARN_DIRECT_OBJC_ISA_USAGE = YES_ERROR;
				CLANG_WARN_DOCUMENTATION_COMMENTS = YES;
				CLANG_WARN_EMPTY_BODY = YES;
				CLANG_WARN_ENUM_CONVERSION = YES;
				CLANG_WARN_INFINITE_RECURSION = YES;
				CLANG_WARN_INT_CONVERSION = YES;
				CLANG_WARN_NON_LITERAL_NULL_CONVERSION = YES;
				CLANG_WARN_OBJC_IMPLICIT_RETAIN_SELF = YES;
				CLANG_WARN_OBJC_LITERAL_CONVERSION = YES;
				CLANG_WARN_OBJC_ROOT_CLASS = YES_ERROR;
				CLANG_WARN_QUOTED_INCLUDE_IN_FRAMEWORK_HEADER = YES;
				CLANG_WARN_RANGE_LOOP_ANALYSIS = YES;
				CLANG_WARN_STRICT_PROTOTYPES = YES;
				CLANG_WARN_SUSPICIOUS_MOVE = YES;
				CLANG_WARN_UNGUARDED_AVAILABILITY = YES_AGGRESSIVE;
				CLANG_WARN_UNREACHABLE_CODE = YES;
				CLANG_WARN__DUPLICATE_METHOD_MATCH = YES;
				COPY_PHASE_STRIP = NO;
				DEBUG_INFORMATION_FORMAT = "dwarf-with-dsym";
				ENABLE_NS_ASSERTIONS = NO;
				ENABLE_STRICT_OBJC_MSGSEND = YES;
				ENABLE_USER_SCRIPT_SANDBOXING = YES;
				GCC_C_LANGUAGE_STANDARD = gnu17;
				GCC_NO_COMMON_BLOCKS = YES;
				GCC_WARN_64_TO_32_BIT_CONVERSION = YES;
				GCC_WARN_ABOUT_RETURN_TYPE = YES_ERROR;
				GCC_WARN_UNDECLARED_SELECTOR = YES;
				GCC_WARN_UNINITIALIZED_AUTOS = YES_AGGRESSIVE;
				GCC_WARN_UNUSED_FUNCTION = YES;
				GCC_WARN_UNUSED_VARIABLE = YES;
				IPHONEOS_DEPLOYMENT_TARGET = 17.2;
				LOCALIZATION_PREFERS_STRING_CATALOGS = YES;
				MTL_ENABLE_DEBUG_INFO = NO;
				MTL_FAST_MATH = YES;
				SDKROOT = iphoneos;
				SWIFT_COMPILATION_MODE = wholemodule;
				VALIDATE_PRODUCT = YES;
			};
			name = Release;
		};
		301D1C312B93DE040092690E /* Debug */ = {
			isa = XCBuildConfiguration;
			buildSettings = {
				ASSETCATALOG_COMPILER_APPICON_NAME = AppIcon;
				ASSETCATALOG_COMPILER_GLOBAL_ACCENT_COLOR_NAME = AccentColor;
				CODE_SIGN_STYLE = Automatic;
				CURRENT_PROJECT_VERSION = 1;
				DEVELOPMENT_TEAM = 3YFLKMYA24;
				GENERATE_INFOPLIST_FILE = YES;
				INFOPLIST_FILE = UITableContact/Info.plist;
				INFOPLIST_KEY_UIApplicationSupportsIndirectInputEvents = YES;
				INFOPLIST_KEY_UILaunchStoryboardName = LaunchScreen;
				INFOPLIST_KEY_UIMainStoryboardFile = Main;
				INFOPLIST_KEY_UISupportedInterfaceOrientations_iPad = "UIInterfaceOrientationPortrait UIInterfaceOrientationPortraitUpsideDown UIInterfaceOrientationLandscapeLeft UIInterfaceOrientationLandscapeRight";
				INFOPLIST_KEY_UISupportedInterfaceOrientations_iPhone = "UIInterfaceOrientationPortrait UIInterfaceOrientationLandscapeLeft UIInterfaceOrientationLandscapeRight";
				LD_RUNPATH_SEARCH_PATHS = (
					"$(inherited)",
					"@executable_path/Frameworks",
				);
				MARKETING_VERSION = 1.0;
				PRODUCT_BUNDLE_IDENTIFIER = vibe.lab.UITableContact;
				PRODUCT_NAME = "$(TARGET_NAME)";
				SWIFT_EMIT_LOC_STRINGS = YES;
				SWIFT_VERSION = 5.0;
				TARGETED_DEVICE_FAMILY = "1,2";
			};
			name = Debug;
		};
		301D1C322B93DE040092690E /* Release */ = {
			isa = XCBuildConfiguration;
			buildSettings = {
				ASSETCATALOG_COMPILER_APPICON_NAME = AppIcon;
				ASSETCATALOG_COMPILER_GLOBAL_ACCENT_COLOR_NAME = AccentColor;
				CODE_SIGN_STYLE = Automatic;
				CURRENT_PROJECT_VERSION = 1;
				DEVELOPMENT_TEAM = 3YFLKMYA24;
				GENERATE_INFOPLIST_FILE = YES;
				INFOPLIST_FILE = UITableContact/Info.plist;
				INFOPLIST_KEY_UIApplicationSupportsIndirectInputEvents = YES;
				INFOPLIST_KEY_UILaunchStoryboardName = LaunchScreen;
				INFOPLIST_KEY_UIMainStoryboardFile = Main;
				INFOPLIST_KEY_UISupportedInterfaceOrientations_iPad = "UIInterfaceOrientationPortrait UIInterfaceOrientationPortraitUpsideDown UIInterfaceOrientationLandscapeLeft UIInterfaceOrientationLandscapeRight";
				INFOPLIST_KEY_UISupportedInterfaceOrientations_iPhone = "UIInterfaceOrientationPortrait UIInterfaceOrientationLandscapeLeft UIInterfaceOrientationLandscapeRight";
				LD_RUNPATH_SEARCH_PATHS = (
					"$(inherited)",
					"@executable_path/Frameworks",
				);
				MARKETING_VERSION = 1.0;
				PRODUCT_BUNDLE_IDENTIFIER = vibe.lab.UITableContact;
				PRODUCT_NAME = "$(TARGET_NAME)";
				SWIFT_EMIT_LOC_STRINGS = YES;
				SWIFT_VERSION = 5.0;
				TARGETED_DEVICE_FAMILY = "1,2";
			};
			name = Release;
		};
/* End XCBuildConfiguration section */

/* Begin XCConfigurationList section */
		301D1C172B93DE030092690E /* Build configuration list for PBXProject "UITableContact" */ = {
			isa = XCConfigurationList;
			buildConfigurations = (
				301D1C2E2B93DE040092690E /* Debug */,
				301D1C2F2B93DE040092690E /* Release */,
			);
			defaultConfigurationIsVisible = 0;
			defaultConfigurationName = Release;
		};
		301D1C302B93DE040092690E /* Build configuration list for PBXNativeTarget "UITableContact" */ = {
			isa = XCConfigurationList;
			buildConfigurations = (
				301D1C312B93DE040092690E /* Debug */,
				301D1C322B93DE040092690E /* Release */,
			);
			defaultConfigurationIsVisible = 0;
			defaultConfigurationName = Release;
		};
/* End XCConfigurationList section */
	};
	rootObject = 301D1C142B93DE030092690E /* Project object */;
}
